
Microsoft Visual Studio Solution File, Format Version 12.00
# Visual Studio Version 17
VisualStudioVersion = 17.11.35303.130
MinimumVisualStudioVersion = 10.0.40219.1
Project("{FAE04EC0-301F-11D3-BF4B-00C04F79EFBC}") = "ProjectHub.Web", "ProjectHub.Web\ProjectHub.Web.csproj", "{4754A3DF-A500-443F-9915-A0F71C7A8DD0}"
EndProject
Global
	GlobalSection(SolutionConfigurationPlatforms) = preSolution
		Debug|Any CPU = Debug|Any CPU
		Release|Any CPU = Release|Any CPU
	EndGlobalSection
	GlobalSection(ProjectConfigurationPlatforms) = postSolution
		{4754A3DF-A500-443F-9915-A0F71C7A8DD0}.Debug|Any CPU.ActiveCfg = Debug|Any CPU
		{4754A3DF-A500-443F-9915-A0F71C7A8DD0}.Debug|Any CPU.Build.0 = Debug|Any CPU
		{4754A3DF-A500-443F-9915-A0F71C7A8DD0}.Release|Any CPU.ActiveCfg = Release|Any CPU
		{4754A3DF-A500-443F-9915-A0F71C7A8DD0}.Release|Any CPU.Build.0 = Release|Any CPU
	EndGlobalSection
	GlobalSection(SolutionProperties) = preSolution
		HideSolutionNode = FALSE
	EndGlobalSection
	GlobalSection(ExtensibilityGlobals) = postSolution
		SolutionGuid = {A56979FD-7F58-40D5-9738-A1E9B9CC5100}
	EndGlobalSection
EndGlobal
